// !$*UTF8*$!
{
	archiveVersion = 1;
	classes = {
	};
	objectVersion = 50;
	objects = {

/* Begin PBXBuildFile section */
		212C6F2521C3AD7A00069A07 /* AppDelegate.swift in Sources */ = {isa = PBXBuildFile; fileRef = 212C6F2421C3AD7A00069A07 /* AppDelegate.swift */; };
		212C6F2721C3AD7A00069A07 /* ViewController.swift in Sources */ = {isa = PBXBuildFile; fileRef = 212C6F2621C3AD7A00069A07 /* ViewController.swift */; };
		212C6F2A21C3AD7A00069A07 /* Main.storyboard in Resources */ = {isa = PBXBuildFile; fileRef = 212C6F2821C3AD7A00069A07 /* Main.storyboard */; };
		212C6F2D21C3AD7A00069A07 /* Colllect.xcdatamodeld in Sources */ = {isa = PBXBuildFile; fileRef = 212C6F2B21C3AD7A00069A07 /* Colllect.xcdatamodeld */; };
		212C6F2F21C3AD7B00069A07 /* Assets.xcassets in Resources */ = {isa = PBXBuildFile; fileRef = 212C6F2E21C3AD7B00069A07 /* Assets.xcassets */; };
		212C6F3221C3AD7B00069A07 /* LaunchScreen.storyboard in Resources */ = {isa = PBXBuildFile; fileRef = 212C6F3021C3AD7B00069A07 /* LaunchScreen.storyboard */; };
		212C6F3D21C3AD7C00069A07 /* ColllectTests.swift in Sources */ = {isa = PBXBuildFile; fileRef = 212C6F3C21C3AD7C00069A07 /* ColllectTests.swift */; };
		212C6F4821C3AD7C00069A07 /* ColllectUITests.swift in Sources */ = {isa = PBXBuildFile; fileRef = 212C6F4721C3AD7C00069A07 /* ColllectUITests.swift */; };
		212C6F9321C3C50B00069A07 /* CollectionViewCell.swift in Sources */ = {isa = PBXBuildFile; fileRef = 212C6F9221C3C50B00069A07 /* CollectionViewCell.swift */; };
/* End PBXBuildFile section */

/* Begin PBXContainerItemProxy section */
		212C6F3921C3AD7B00069A07 /* PBXContainerItemProxy */ = {
			isa = PBXContainerItemProxy;
			containerPortal = 212C6F1921C3AD7A00069A07 /* Project object */;
			proxyType = 1;
			remoteGlobalIDString = 212C6F2021C3AD7A00069A07;
			remoteInfo = Colllect;
		};
		212C6F4421C3AD7C00069A07 /* PBXContainerItemProxy */ = {
			isa = PBXContainerItemProxy;
			containerPortal = 212C6F1921C3AD7A00069A07 /* Project object */;
			proxyType = 1;
			remoteGlobalIDString = 212C6F2021C3AD7A00069A07;
			remoteInfo = Colllect;
		};
/* End PBXContainerItemProxy section */

/* Begin PBXFileReference section */
		212C6F2121C3AD7A00069A07 /* Colllect.app */ = {isa = PBXFileReference; explicitFileType = wrapper.application; includeInIndex = 0; path = Colllect.app; sourceTree = BUILT_PRODUCTS_DIR; };
		212C6F2421C3AD7A00069A07 /* AppDelegate.swift */ = {isa = PBXFileReference; lastKnownFileType = sourcecode.swift; path = AppDelegate.swift; sourceTree = "<group>"; };
		212C6F2621C3AD7A00069A07 /* ViewController.swift */ = {isa = PBXFileReference; lastKnownFileType = sourcecode.swift; path = ViewController.swift; sourceTree = "<group>"; };
		212C6F2921C3AD7A00069A07 /* Base */ = {isa = PBXFileReference; lastKnownFileType = file.storyboard; name = Base; path = Base.lproj/Main.storyboard; sourceTree = "<group>"; };
		212C6F2C21C3AD7A00069A07 /* Colllect.xcdatamodel */ = {isa = PBXFileReference; lastKnownFileType = wrapper.xcdatamodel; path = Colllect.xcdatamodel; sourceTree = "<group>"; };
		212C6F2E21C3AD7B00069A07 /* Assets.xcassets */ = {isa = PBXFileReference; lastKnownFileType = folder.assetcatalog; path = Assets.xcassets; sourceTree = "<group>"; };
		212C6F3121C3AD7B00069A07 /* Base */ = {isa = PBXFileReference; lastKnownFileType = file.storyboard; name = Base; path = Base.lproj/LaunchScreen.storyboard; sourceTree = "<group>"; };
		212C6F3321C3AD7B00069A07 /* Info.plist */ = {isa = PBXFileReference; lastKnownFileType = text.plist.xml; path = Info.plist; sourceTree = "<group>"; };
		212C6F3821C3AD7B00069A07 /* ColllectTests.xctest */ = {isa = PBXFileReference; explicitFileType = wrapper.cfbundle; includeInIndex = 0; path = ColllectTests.xctest; sourceTree = BUILT_PRODUCTS_DIR; };
		212C6F3C21C3AD7C00069A07 /* ColllectTests.swift */ = {isa = PBXFileReference; lastKnownFileType = sourcecode.swift; path = ColllectTests.swift; sourceTree = "<group>"; };
		212C6F3E21C3AD7C00069A07 /* Info.plist */ = {isa = PBXFileReference; lastKnownFileType = text.plist.xml; path = Info.plist; sourceTree = "<group>"; };
		212C6F4321C3AD7C00069A07 /* ColllectUITests.xctest */ = {isa = PBXFileReference; explicitFileType = wrapper.cfbundle; includeInIndex = 0; path = ColllectUITests.xctest; sourceTree = BUILT_PRODUCTS_DIR; };
		212C6F4721C3AD7C00069A07 /* ColllectUITests.swift */ = {isa = PBXFileReference; lastKnownFileType = sourcecode.swift; path = ColllectUITests.swift; sourceTree = "<group>"; };
		212C6F4921C3AD7C00069A07 /* Info.plist */ = {isa = PBXFileReference; lastKnownFileType = text.plist.xml; path = Info.plist; sourceTree = "<group>"; };
		212C6F9221C3C50B00069A07 /* CollectionViewCell.swift */ = {isa = PBXFileReference; lastKnownFileType = sourcecode.swift; path = CollectionViewCell.swift; sourceTree = "<group>"; };
/* End PBXFileReference section */

/* Begin PBXFrameworksBuildPhase section */
		212C6F1E21C3AD7A00069A07 /* Frameworks */ = {
			isa = PBXFrameworksBuildPhase;
			buildActionMask = 2147483647;
			files = (
			);
			runOnlyForDeploymentPostprocessing = 0;
		};
		212C6F3521C3AD7B00069A07 /* Frameworks */ = {
			isa = PBXFrameworksBuildPhase;
			buildActionMask = 2147483647;
			files = (
			);
			runOnlyForDeploymentPostprocessing = 0;
		};
		212C6F4021C3AD7C00069A07 /* Frameworks */ = {
			isa = PBXFrameworksBuildPhase;
			buildActionMask = 2147483647;
			files = (
			);
			runOnlyForDeploymentPostprocessing = 0;
		};
/* End PBXFrameworksBuildPhase section */

/* Begin PBXGroup section */
		212C6F1821C3AD7A00069A07 = {
			isa = PBXGroup;
			children = (
				212C6F2321C3AD7A00069A07 /* Colllect */,
				212C6F3B21C3AD7B00069A07 /* ColllectTests */,
				212C6F4621C3AD7C00069A07 /* ColllectUITests */,
				212C6F2221C3AD7A00069A07 /* Products */,
			);
			sourceTree = "<group>";
		};
		212C6F2221C3AD7A00069A07 /* Products */ = {
			isa = PBXGroup;
			children = (
				212C6F2121C3AD7A00069A07 /* Colllect.app */,
				212C6F3821C3AD7B00069A07 /* ColllectTests.xctest */,
				212C6F4321C3AD7C00069A07 /* ColllectUITests.xctest */,
			);
			name = Products;
			sourceTree = "<group>";
		};
		212C6F2321C3AD7A00069A07 /* Colllect */ = {
			isa = PBXGroup;
			children = (
				212C6F2421C3AD7A00069A07 /* AppDelegate.swift */,
				212C6F2621C3AD7A00069A07 /* ViewController.swift */,
				212C6F9221C3C50B00069A07 /* CollectionViewCell.swift */,
				212C6F2821C3AD7A00069A07 /* Main.storyboard */,
				212C6F2E21C3AD7B00069A07 /* Assets.xcassets */,
				212C6F3021C3AD7B00069A07 /* LaunchScreen.storyboard */,
				212C6F3321C3AD7B00069A07 /* Info.plist */,
				212C6F2B21C3AD7A00069A07 /* Colllect.xcdatamodeld */,
			);
			path = Colllect;
			sourceTree = "<group>";
		};
		212C6F3B21C3AD7B00069A07 /* ColllectTests */ = {
			isa = PBXGroup;
			children = (
				212C6F3C21C3AD7C00069A07 /* ColllectTests.swift */,
				212C6F3E21C3AD7C00069A07 /* Info.plist */,
			);
			path = ColllectTests;
			sourceTree = "<group>";
		};
		212C6F4621C3AD7C00069A07 /* ColllectUITests */ = {
			isa = PBXGroup;
			children = (
				212C6F4721C3AD7C00069A07 /* ColllectUITests.swift */,
				212C6F4921C3AD7C00069A07 /* Info.plist */,
			);
			path = ColllectUITests;
			sourceTree = "<group>";
		};
/* End PBXGroup section */

/* Begin PBXNativeTarget section */
		212C6F2021C3AD7A00069A07 /* Colllect */ = {
			isa = PBXNativeTarget;
			buildConfigurationList = 212C6F4C21C3AD7C00069A07 /* Build configuration list for PBXNativeTarget "Colllect" */;
			buildPhases = (
				212C6F1D21C3AD7A00069A07 /* Sources */,
				212C6F1E21C3AD7A00069A07 /* Frameworks */,
				212C6F1F21C3AD7A00069A07 /* Resources */,
			);
			buildRules = (
			);
			dependencies = (
			);
			name = Colllect;
			productName = Colllect;
			productReference = 212C6F2121C3AD7A00069A07 /* Colllect.app */;
			productType = "com.apple.product-type.application";
		};
		212C6F3721C3AD7B00069A07 /* ColllectTests */ = {
			isa = PBXNativeTarget;
			buildConfigurationList = 212C6F4F21C3AD7C00069A07 /* Build configuration list for PBXNativeTarget "ColllectTests" */;
			buildPhases = (
				212C6F3421C3AD7B00069A07 /* Sources */,
				212C6F3521C3AD7B00069A07 /* Frameworks */,
				212C6F3621C3AD7B00069A07 /* Resources */,
			);
			buildRules = (
			);
			dependencies = (
				212C6F3A21C3AD7B00069A07 /* PBXTargetDependency */,
			);
			name = ColllectTests;
			productName = ColllectTests;
			productReference = 212C6F3821C3AD7B00069A07 /* ColllectTests.xctest */;
			productType = "com.apple.product-type.bundle.unit-test";
		};
		212C6F4221C3AD7C00069A07 /* ColllectUITests */ = {
			isa = PBXNativeTarget;
			buildConfigurationList = 212C6F5221C3AD7C00069A07 /* Build configuration list for PBXNativeTarget "ColllectUITests" */;
			buildPhases = (
				212C6F3F21C3AD7C00069A07 /* Sources */,
				212C6F4021C3AD7C00069A07 /* Frameworks */,
				212C6F4121C3AD7C00069A07 /* Resources */,
			);
			buildRules = (
			);
			dependencies = (
				212C6F4521C3AD7C00069A07 /* PBXTargetDependency */,
			);
			name = ColllectUITests;
			productName = ColllectUITests;
			productReference = 212C6F4321C3AD7C00069A07 /* ColllectUITests.xctest */;
			productType = "com.apple.product-type.bundle.ui-testing";
		};
/* End PBXNativeTarget section */

/* Begin PBXProject section */
		212C6F1921C3AD7A00069A07 /* Project object */ = {
			isa = PBXProject;
			attributes = {
				LastSwiftUpdateCheck = 1010;
				LastUpgradeCheck = 1010;
				ORGANIZATIONNAME = "Arun, Shetty Harshit (US - Bengaluru)";
				TargetAttributes = {
					212C6F2021C3AD7A00069A07 = {
						CreatedOnToolsVersion = 10.1;
					};
					212C6F3721C3AD7B00069A07 = {
						CreatedOnToolsVersion = 10.1;
						TestTargetID = 212C6F2021C3AD7A00069A07;
					};
					212C6F4221C3AD7C00069A07 = {
						CreatedOnToolsVersion = 10.1;
						TestTargetID = 212C6F2021C3AD7A00069A07;
					};
				};
			};
			buildConfigurationList = 212C6F1C21C3AD7A00069A07 /* Build configuration list for PBXProject "Colllect" */;
			compatibilityVersion = "Xcode 9.3";
			developmentRegion = en;
			hasScannedForEncodings = 0;
			knownRegions = (
				en,
				Base,
			);
			mainGroup = 212C6F1821C3AD7A00069A07;
			productRefGroup = 212C6F2221C3AD7A00069A07 /* Products */;
			projectDirPath = "";
			projectRoot = "";
			targets = (
				212C6F2021C3AD7A00069A07 /* Colllect */,
				212C6F3721C3AD7B00069A07 /* ColllectTests */,
				212C6F4221C3AD7C00069A07 /* ColllectUITests */,
			);
		};
/* End PBXProject section */

/* Begin PBXResourcesBuildPhase section */
		212C6F1F21C3AD7A00069A07 /* Resources */ = {
			isa = PBXResourcesBuildPhase;
			buildActionMask = 2147483647;
			files = (
				212C6F3221C3AD7B00069A07 /* LaunchScreen.storyboard in Resources */,
				212C6F2F21C3AD7B00069A07 /* Assets.xcassets in Resources */,
				212C6F2A21C3AD7A00069A07 /* Main.storyboard in Resources */,
			);
			runOnlyForDeploymentPostprocessing = 0;
		};
		212C6F3621C3AD7B00069A07 /* Resources */ = {
			isa = PBXResourcesBuildPhase;
			buildActionMask = 2147483647;
			files = (
			);
			runOnlyForDeploymentPostprocessing = 0;
		};
		212C6F4121C3AD7C00069A07 /* Resources */ = {
			isa = PBXResourcesBuildPhase;
			buildActionMask = 2147483647;
			files = (
			);
			runOnlyForDeploymentPostprocessing = 0;
		};
/* End PBXResourcesBuildPhase section */

/* Begin PBXSourcesBuildPhase section */
		212C6F1D21C3AD7A00069A07 /* Sources */ = {
			isa = PBXSourcesBuildPhase;
			buildActionMask = 2147483647;
			files = (
				212C6F2721C3AD7A00069A07 /* ViewController.swift in Sources */,
				212C6F2D21C3AD7A00069A07 /* Colllect.xcdatamodeld in Sources */,
				212C6F9321C3C50B00069A07 /* CollectionViewCell.swift in Sources */,
				212C6F2521C3AD7A00069A07 /* AppDelegate.swift in Sources */,
			);
			runOnlyForDeploymentPostprocessing = 0;
		};
		212C6F3421C3AD7B00069A07 /* Sources */ = {
			isa = PBXSourcesBuildPhase;
			buildActionMask = 2147483647;
			files = (
				212C6F3D21C3AD7C00069A07 /* ColllectTests.swift in Sources */,
			);
			runOnlyForDeploymentPostprocessing = 0;
		};
		212C6F3F21C3AD7C00069A07 /* Sources */ = {
			isa = PBXSourcesBuildPhase;
			buildActionMask = 2147483647;
			files = (
				212C6F4821C3AD7C00069A07 /* ColllectUITests.swift in Sources */,
			);
			runOnlyForDeploymentPostprocessing = 0;
		};
/* End PBXSourcesBuildPhase section */

/* Begin PBXTargetDependency section */
		212C6F3A21C3AD7B00069A07 /* PBXTargetDependency */ = {
			isa = PBXTargetDependency;
			target = 212C6F2021C3AD7A00069A07 /* Colllect */;
			targetProxy = 212C6F3921C3AD7B00069A07 /* PBXContainerItemProxy */;
		};
		212C6F4521C3AD7C00069A07 /* PBXTargetDependency */ = {
			isa = PBXTargetDependency;
			target = 212C6F2021C3AD7A00069A07 /* Colllect */;
			targetProxy = 212C6F4421C3AD7C00069A07 /* PBXContainerItemProxy */;
		};
/* End PBXTargetDependency section */

/* Begin PBXVariantGroup section */
		212C6F2821C3AD7A00069A07 /* Main.storyboard */ = {
			isa = PBXVariantGroup;
			children = (
				212C6F2921C3AD7A00069A07 /* Base */,
			);
			name = Main.storyboard;
			sourceTree = "<group>";
		};
		212C6F3021C3AD7B00069A07 /* LaunchScreen.storyboard */ = {
			isa = PBXVariantGroup;
			children = (
				212C6F3121C3AD7B00069A07 /* Base */,
			);
			name = LaunchScreen.storyboard;
			sourceTree = "<group>";
		};
/* End PBXVariantGroup section */

/* Begin XCBuildConfiguration section */
		212C6F4A21C3AD7C00069A07 /* Debug */ = {
			isa = XCBuildConfiguration;
			buildSettings = {
				ALWAYS_SEARCH_USER_PATHS = NO;
				CLANG_ANALYZER_NONNULL = YES;
				CLANG_ANALYZER_NUMBER_OBJECT_CONVERSION = YES_AGGRESSIVE;
				CLANG_CXX_LANGUAGE_STANDARD = "gnu++14";
				CLANG_CXX_LIBRARY = "libc++";
				CLANG_ENABLE_MODULES = YES;
				CLANG_ENABLE_OBJC_ARC = YES;
				CLANG_ENABLE_OBJC_WEAK = YES;
				CLANG_WARN_BLOCK_CAPTURE_AUTORELEASING = YES;
				CLANG_WARN_BOOL_CONVERSION = YES;
				CLANG_WARN_COMMA = YES;
				CLANG_WARN_CONSTANT_CONVERSION = YES;
				CLANG_WARN_DEPRECATED_OBJC_IMPLEMENTATIONS = YES;
				CLANG_WARN_DIRECT_OBJC_ISA_USAGE = YES_ERROR;
				CLANG_WARN_DOCUMENTATION_COMMENTS = YES;
				CLANG_WARN_EMPTY_BODY = YES;
				CLANG_WARN_ENUM_CONVERSION = YES;
				CLANG_WARN_INFINITE_RECURSION = YES;
				CLANG_WARN_INT_CONVERSION = YES;
				CLANG_WARN_NON_LITERAL_NULL_CONVERSION = YES;
				CLANG_WARN_OBJC_IMPLICIT_RETAIN_SELF = YES;
				CLANG_WARN_OBJC_LITERAL_CONVERSION = YES;
				CLANG_WARN_OBJC_ROOT_CLASS = YES_ERROR;
				CLANG_WARN_RANGE_LOOP_ANALYSIS = YES;
				CLANG_WARN_STRICT_PROTOTYPES = YES;
				CLANG_WARN_SUSPICIOUS_MOVE = YES;
				CLANG_WARN_UNGUARDED_AVAILABILITY = YES_AGGRESSIVE;
				CLANG_WARN_UNREACHABLE_CODE = YES;
				CLANG_WARN__DUPLICATE_METHOD_MATCH = YES;
				CODE_SIGN_IDENTITY = "iPhone Developer";
				COPY_PHASE_STRIP = NO;
				DEBUG_INFORMATION_FORMAT = dwarf;
				ENABLE_STRICT_OBJC_MSGSEND = YES;
				ENABLE_TESTABILITY = YES;
				GCC_C_LANGUAGE_STANDARD = gnu11;
				GCC_DYNAMIC_NO_PIC = NO;
				GCC_NO_COMMON_BLOCKS = YES;
				GCC_OPTIMIZATION_LEVEL = 0;
				GCC_PREPROCESSOR_DEFINITIONS = (
					"DEBUG=1",
					"$(inherited)",
				);
				GCC_WARN_64_TO_32_BIT_CONVERSION = YES;
				GCC_WARN_ABOUT_RETURN_TYPE = YES_ERROR;
				GCC_WARN_UNDECLARED_SELECTOR = YES;
				GCC_WARN_UNINITIALIZED_AUTOS = YES_AGGRESSIVE;
				GCC_WARN_UNUSED_FUNCTION = YES;
				GCC_WARN_UNUSED_VARIABLE = YES;
				IPHONEOS_DEPLOYMENT_TARGET = 12.1;
				MTL_ENABLE_DEBUG_INFO = INCLUDE_SOURCE;
				MTL_FAST_MATH = YES;
				ONLY_ACTIVE_ARCH = YES;
				SDKROOT = iphoneos;
				SWIFT_ACTIVE_COMPILATION_CONDITIONS = DEBUG;
				SWIFT_OPTIMIZATION_LEVEL = "-Onone";
			};
			name = Debug;
		};
		212C6F4B21C3AD7C00069A07 /* Release */ = {
			isa = XCBuildConfiguration;
			buildSettings = {
				ALWAYS_SEARCH_USER_PATHS = NO;
				CLANG_ANALYZER_NONNULL = YES;
				CLANG_ANALYZER_NUMBER_OBJECT_CONVERSION = YES_AGGRESSIVE;
				CLANG_CXX_LANGUAGE_STANDARD = "gnu++14";
				CLANG_CXX_LIBRARY = "libc++";
				CLANG_ENABLE_MODULES = YES;
				CLANG_ENABLE_OBJC_ARC = YES;
				CLANG_ENABLE_OBJC_WEAK = YES;
				CLANG_WARN_BLOCK_CAPTURE_AUTORELEASING = YES;
				CLANG_WARN_BOOL_CONVERSION = YES;
				CLANG_WARN_COMMA = YES;
				CLANG_WARN_CONSTANT_CONVERSION = YES;
				CLANG_WARN_DEPRECATED_OBJC_IMPLEMENTATIONS = YES;
				CLANG_WARN_DIRECT_OBJC_ISA_USAGE = YES_ERROR;
				CLANG_WARN_DOCUMENTATION_COMMENTS = YES;
				CLANG_WARN_EMPTY_BODY = YES;
				CLANG_WARN_ENUM_CONVERSION = YES;
				CLANG_WARN_INFINITE_RECURSION = YES;
				CLANG_WARN_INT_CONVERSION = YES;
				CLANG_WARN_NON_LITERAL_NULL_CONVERSION = YES;
				CLANG_WARN_OBJC_IMPLICIT_RETAIN_SELF = YES;
				CLANG_WARN_OBJC_LITERAL_CONVERSION = YES;
				CLANG_WARN_OBJC_ROOT_CLASS = YES_ERROR;
				CLANG_WARN_RANGE_LOOP_ANALYSIS = YES;
				CLANG_WARN_STRICT_PROTOTYPES = YES;
				CLANG_WARN_SUSPICIOUS_MOVE = YES;
				CLANG_WARN_UNGUARDED_AVAILABILITY = YES_AGGRESSIVE;
				CLANG_WARN_UNREACHABLE_CODE = YES;
				CLANG_WARN__DUPLICATE_METHOD_MATCH = YES;
				CODE_SIGN_IDENTITY = "iPhone Developer";
				COPY_PHASE_STRIP = NO;
				DEBUG_INFORMATION_FORMAT = "dwarf-with-dsym";
				ENABLE_NS_ASSERTIONS = NO;
				ENABLE_STRICT_OBJC_MSGSEND = YES;
				GCC_C_LANGUAGE_STANDARD = gnu11;
				GCC_NO_COMMON_BLOCKS = YES;
				GCC_WARN_64_TO_32_BIT_CONVERSION = YES;
				GCC_WARN_ABOUT_RETURN_TYPE = YES_ERROR;
				GCC_WARN_UNDECLARED_SELECTOR = YES;
				GCC_WARN_UNINITIALIZED_AUTOS = YES_AGGRESSIVE;
				GCC_WARN_UNUSED_FUNCTION = YES;
				GCC_WARN_UNUSED_VARIABLE = YES;
				IPHONEOS_DEPLOYMENT_TARGET = 12.1;
				MTL_ENABLE_DEBUG_INFO = NO;
				MTL_FAST_MATH = YES;
				SDKROOT = iphoneos;
				SWIFT_COMPILATION_MODE = wholemodule;
				SWIFT_OPTIMIZATION_LEVEL = "-O";
				VALIDATE_PRODUCT = YES;
			};
			name = Release;
		};
		212C6F4D21C3AD7C00069A07 /* Debug */ = {
			isa = XCBuildConfiguration;
			buildSettings = {
				ASSETCATALOG_COMPILER_APPICON_NAME = AppIcon;
				CODE_SIGN_STYLE = Automatic;
				INFOPLIST_FILE = Colllect/Info.plist;
				LD_RUNPATH_SEARCH_PATHS = (
					"$(inherited)",
					"@executable_path/Frameworks",
				);
				PRODUCT_BUNDLE_IDENTIFIER = www.harshit.com.Colllect;
				PRODUCT_NAME = "$(TARGET_NAME)";
				SWIFT_VERSION = 4.2;
				TARGETED_DEVICE_FAMILY = "1,2";
			};
			name = Debug;
		};
		212C6F4E21C3AD7C00069A07 /* Release */ = {
			isa = XCBuildConfiguration;
			buildSettings = {
				ASSETCATALOG_COMPILER_APPICON_NAME = AppIcon;
				CODE_SIGN_STYLE = Automatic;
				INFOPLIST_FILE = Colllect/Info.plist;
				LD_RUNPATH_SEARCH_PATHS = (
					"$(inherited)",
					"@executable_path/Frameworks",
				);
				PRODUCT_BUNDLE_IDENTIFIER = www.harshit.com.Colllect;
				PRODUCT_NAME = "$(TARGET_NAME)";
				SWIFT_VERSION = 4.2;
				TARGETED_DEVICE_FAMILY = "1,2";
			};
			name = Release;
		};
		212C6F5021C3AD7C00069A07 /* Debug */ = {
			isa = XCBuildConfiguration;
			buildSettings = {
				ALWAYS_EMBED_SWIFT_STANDARD_LIBRARIES = YES;
				BUNDLE_LOADER = "$(TEST_HOST)";
				CODE_SIGN_STYLE = Automatic;
				INFOPLIST_FILE = ColllectTests/Info.plist;
				LD_RUNPATH_SEARCH_PATHS = (
					"$(inherited)",
					"@executable_path/Frameworks",
					"@loader_path/Frameworks",
				);
				PRODUCT_BUNDLE_IDENTIFIER = www.harshit.com.ColllectTests;
				PRODUCT_NAME = "$(TARGET_NAME)";
				SWIFT_VERSION = 4.2;
				TARGETED_DEVICE_FAMILY = "1,2";
				TEST_HOST = "$(BUILT_PRODUCTS_DIR)/Colllect.app/Colllect";
			};
			name = Debug;
		};
		212C6F5121C3AD7C00069A07 /* Release */ = {
			isa = XCBuildConfiguration;
			buildSettings = {
				ALWAYS_EMBED_SWIFT_STANDARD_LIBRARIES = YES;
				BUNDLE_LOADER = "$(TEST_HOST)";
				CODE_SIGN_STYLE = Automatic;
				INFOPLIST_FILE = ColllectTests/Info.plist;
				LD_RUNPATH_SEARCH_PATHS = (
					"$(inherited)",
					"@executable_path/Frameworks",
					"@loader_path/Frameworks",
				);
				PRODUCT_BUNDLE_IDENTIFIER = www.harshit.com.ColllectTests;
				PRODUCT_NAME = "$(TARGET_NAME)";
				SWIFT_VERSION = 4.2;
				TARGETED_DEVICE_FAMILY = "1,2";
				TEST_HOST = "$(BUILT_PRODUCTS_DIR)/Colllect.app/Colllect";
			};
			name = Release;
		};
		212C6F5321C3AD7C00069A07 /* Debug */ = {
			isa = XCBuildConfiguration;
			buildSettings = {
				ALWAYS_EMBED_SWIFT_STANDARD_LIBRARIES = YES;
				CODE_SIGN_STYLE = Automatic;
				INFOPLIST_FILE = ColllectUITests/Info.plist;
				LD_RUNPATH_SEARCH_PATHS = (
					"$(inherited)",
					"@executable_path/Frameworks",
					"@loader_path/Frameworks",
				);
				PRODUCT_BUNDLE_IDENTIFIER = www.harshit.com.ColllectUITests;
				PRODUCT_NAME = "$(TARGET_NAME)";
				SWIFT_VERSION = 4.2;
				TARGETED_DEVICE_FAMILY = "1,2";
				TEST_TARGET_NAME = Colllect;
			};
			name = Debug;
		};
		212C6F5421C3AD7C00069A07 /* Release */ = {
			isa = XCBuildConfiguration;
			buildSettings = {
				ALWAYS_EMBED_SWIFT_STANDARD_LIBRARIES = YES;
				CODE_SIGN_STYLE = Automatic;
				INFOPLIST_FILE = ColllectUITests/Info.plist;
				LD_RUNPATH_SEARCH_PATHS = (
					"$(inherited)",
					"@executable_path/Frameworks",
					"@loader_path/Frameworks",
				);
				PRODUCT_BUNDLE_IDENTIFIER = www.harshit.com.ColllectUITests;
				PRODUCT_NAME = "$(TARGET_NAME)";
				SWIFT_VERSION = 4.2;
				TARGETED_DEVICE_FAMILY = "1,2";
				TEST_TARGET_NAME = Colllect;
			};
			name = Release;
		};
/* End XCBuildConfiguration section */

/* Begin XCConfigurationList section */
		212C6F1C21C3AD7A00069A07 /* Build configuration list for PBXProject "Colllect" */ = {
			isa = XCConfigurationList;
			buildConfigurations = (
				212C6F4A21C3AD7C00069A07 /* Debug */,
				212C6F4B21C3AD7C00069A07 /* Release */,
			);
			defaultConfigurationIsVisible = 0;
			defaultConfigurationName = Release;
		};
		212C6F4C21C3AD7C00069A07 /* Build configuration list for PBXNativeTarget "Colllect" */ = {
			isa = XCConfigurationList;
			buildConfigurations = (
				212C6F4D21C3AD7C00069A07 /* Debug */,
				212C6F4E21C3AD7C00069A07 /* Release */,
			);
			defaultConfigurationIsVisible = 0;
			defaultConfigurationName = Release;
		};
		212C6F4F21C3AD7C00069A07 /* Build configuration list for PBXNativeTarget "ColllectTests" */ = {
			isa = XCConfigurationList;
			buildConfigurations = (
				212C6F5021C3AD7C00069A07 /* Debug */,
				212C6F5121C3AD7C00069A07 /* Release */,
			);
			defaultConfigurationIsVisible = 0;
			defaultConfigurationName = Release;
		};
		212C6F5221C3AD7C00069A07 /* Build configuration list for PBXNativeTarget "ColllectUITests" */ = {
			isa = XCConfigurationList;
			buildConfigurations = (
				212C6F5321C3AD7C00069A07 /* Debug */,
				212C6F5421C3AD7C00069A07 /* Release */,
			);
			defaultConfigurationIsVisible = 0;
			defaultConfigurationName = Release;
		};
/* End XCConfigurationList section */

/* Begin XCVersionGroup section */
		212C6F2B21C3AD7A00069A07 /* Colllect.xcdatamodeld */ = {
			isa = XCVersionGroup;
			children = (
				212C6F2C21C3AD7A00069A07 /* Colllect.xcdatamodel */,
			);
			currentVersion = 212C6F2C21C3AD7A00069A07 /* Colllect.xcdatamodel */;
			path = Colllect.xcdatamodeld;
			sourceTree = "<group>";
			versionGroupType = wrapper.xcdatamodel;
		};
/* End XCVersionGroup section */
	};
	rootObject = 212C6F1921C3AD7A00069A07 /* Project object */;
}
